{
    "name": "pseudocode",
    "version": "1.1.1",
    "lockfileVersion": 1,
    "requires": true,
    "dependencies": {
        "commander": {
            "version": "2.20.3",
            "resolved": "https://registry.npmjs.org/commander/-/commander-2.20.3.tgz",
            "integrity": "sha512-GpVkmM8vF2vQUkj2LvZmD35JxeJOLCwJ9cUkugyk2nuhbv3+mJvpLYYt+0+USMxE+oj+ey/lJEnhZw75x/OMcQ=="
        },
        "eslint-config-prettier": {
            "version": "6.9.0",
            "resolved": "https://registry.npmjs.org/eslint-config-prettier/-/eslint-config-prettier-6.9.0.tgz",
            "integrity": "sha512-k4E14HBtcLv0uqThaI6I/n1LEqROp8XaPu6SO9Z32u5NlGRC07Enu1Bh2KEFw4FNHbekH8yzbIU9kUGxbiGmCA==",
            "dev": true,
            "requires": {
                "get-stdin": "^6.0.0"
            }
        },
        "get-stdin": {
            "version": "6.0.0",
            "resolved": "https://registry.npmjs.org/get-stdin/-/get-stdin-6.0.0.tgz",
            "integrity": "sha512-jp4tHawyV7+fkkSKyvjuLZswblUtz+SQKzSWnBbii16BuZksJlU1wuBYXY75r+duh/llF1ur6oNwi+2ZzjKZ7g==",
            "dev": true
        },
        "katex": {
            "version": "0.11.1",
            "resolved": "https://registry.npmjs.org/katex/-/katex-0.11.1.tgz",
            "integrity": "sha512-5oANDICCTX0NqYIyAiFCCwjQ7ERu3DQG2JFHLbYOf+fXaMoH8eg/zOq5WSYJsKMi/QebW+Eh3gSM+oss1H/bww==",
            "requires": {
                "commander": "^2.19.0"
            }
        }
    }
}
